
Microsoft Visual Studio Solution File, Format Version 12.00
# Visual Studio Version 17
VisualStudioVersion = 17.2.32616.157
MinimumVisualStudioVersion = 10.0.40219.1
Project("{9A19103F-16F7-4668-BE54-9A1E7A4F7556}") = "StreletzAPI", "StreletzAPI\StreletzAPI.csproj", "{AA6419F8-D0E7-405F-864F-166C731AFC57}"
EndProject
Project("{9A19103F-16F7-4668-BE54-9A1E7A4F7556}") = "StreletzProxyServer", "ASPServer\StreletzProxyServer.csproj", "{427F77A1-73E5-4F36-9B98-FAFCD6592107}"
EndProject
Project("{FAE04EC0-301F-11D3-BF4B-00C04F79EFBC}") = "StreletzClient", "StreletzClient\StreletzClient.csproj", "{820C29FD-440C-49C7-AAB0-344D0BF27909}"
EndProject
Global
	GlobalSection(SolutionConfigurationPlatforms) = preSolution
		Debug|Any CPU = Debug|Any CPU
		Release|Any CPU = Release|Any CPU
	EndGlobalSection
	GlobalSection(ProjectConfigurationPlatforms) = postSolution
		{AA6419F8-D0E7-405F-864F-166C731AFC57}.Debug|Any CPU.ActiveCfg = Debug|Any CPU
		{AA6419F8-D0E7-405F-864F-166C731AFC57}.Debug|Any CPU.Build.0 = Debug|Any CPU
		{AA6419F8-D0E7-405F-864F-166C731AFC57}.Release|Any CPU.ActiveCfg = Release|Any CPU
		{AA6419F8-D0E7-405F-864F-166C731AFC57}.Release|Any CPU.Build.0 = Release|Any CPU
		{427F77A1-73E5-4F36-9B98-FAFCD6592107}.Debug|Any CPU.ActiveCfg = Debug|Any CPU
		{427F77A1-73E5-4F36-9B98-FAFCD6592107}.Debug|Any CPU.Build.0 = Debug|Any CPU
		{427F77A1-73E5-4F36-9B98-FAFCD6592107}.Release|Any CPU.ActiveCfg = Release|Any CPU
		{427F77A1-73E5-4F36-9B98-FAFCD6592107}.Release|Any CPU.Build.0 = Release|Any CPU
		{820C29FD-440C-49C7-AAB0-344D0BF27909}.Debug|Any CPU.ActiveCfg = Debug|Any CPU
		{820C29FD-440C-49C7-AAB0-344D0BF27909}.Debug|Any CPU.Build.0 = Debug|Any CPU
		{820C29FD-440C-49C7-AAB0-344D0BF27909}.Release|Any CPU.ActiveCfg = Release|Any CPU
		{820C29FD-440C-49C7-AAB0-344D0BF27909}.Release|Any CPU.Build.0 = Release|Any CPU
	EndGlobalSection
	GlobalSection(SolutionProperties) = preSolution
		HideSolutionNode = FALSE
	EndGlobalSection
	GlobalSection(ExtensibilityGlobals) = postSolution
		SolutionGuid = {CA90AC6C-E7E6-4A2D-92DA-B2C6D03D74F1}
	EndGlobalSection
EndGlobal
